{
  "version": 4,
  "terraform_version": "1.3.2",
  "serial": 15,
  "lineage": "5e4161d7-a72d-a92a-27fc-025f56d902ec",
  "outputs": {
    "key_data": {
      "value": "ssh-rsa AAAAB3NzaC1yc2EAAAADAQABAAABgQDJvzBL5ZnnH5iNGfrjZ0AucaThE9cm5PyHu5sQ5OInV/8pfaujFfMpSfn09nWaeF4nRJ1wZl9e/XmvYPaOgTKi4v+1OfpEZ+oKW1WgEW2imklXKExah7UVUNIx2uKl36azSiVS14CsH2avOfgCsMORGfjzGvlWCe7cAmjl6OAhP3ISRN3aLMlvuk8o/A0oYljCFrucNfEzJvwR6z7wtOpaRj4rzwsbQ2B/iKKFi7z3HTfutttWx6irkprepj33QZES/UpZ+daym1Q/ihAGenvBTNqHk/9gd4DHwXn8XQYnT7+rYERFAv3x96rdJO+cxnRkC9pY6pxbMO9HExQ4KYBvFxwrcSbIfrS26fn4HozjHyNxvkSEyesg8byB6ulDidlubSl+hAWOFbm6V+9ufUJdHuy3AuIzabTplBUN9m0pvTtf2FHQyN+8FZUsMVNs/xP04VHD1JU7Q9QxemxNADPFwL4PxIuP1Y+3DiPRAymqOypLStEuvUlyeieoCrlCxlk= generated-by-azure",
      "type": "string"
    },
    "public_ip_address": {
      "value": "74.235.29.113",
      "type": "string"
    },
    "resource_group_name": {
      "value": "rg-talented-grub",
      "type": "string"
    }
  },
  "resources": [
    {
      "mode": "managed",
      "type": "azapi_resource",
      "name": "ssh_public_key",
      "provider": "provider[\"registry.terraform.io/azure/azapi\"]",
      "instances": [
        {
          "schema_version": 0,
          "attributes": {
            "body": "{}",
            "id": "/subscriptions/b785820d-cbf8-433f-994e-72aff1bef5f2/resourceGroups/rg-talented-grub/providers/Microsoft.Compute/sshPublicKeys/sshtouchingmackerel",
            "identity": [],
            "ignore_body_changes": null,
            "ignore_casing": false,
            "ignore_missing_property": true,
            "location": "eastus",
            "locks": null,
            "name": "sshtouchingmackerel",
            "output": "{}",
            "parent_id": "/subscriptions/b785820d-cbf8-433f-994e-72aff1bef5f2/resourceGroups/rg-talented-grub",
            "removing_special_chars": false,
            "response_export_values": null,
            "schema_validation_enabled": true,
            "tags": {},
            "timeouts": null,
            "type": "Microsoft.Compute/sshPublicKeys@2022-11-01"
          },
          "sensitive_attributes": [],
          "private": "eyJlMmJmYjczMC1lY2FhLTExZTYtOGY4OC0zNDM2M2JjN2M0YzAiOnsiY3JlYXRlIjoxODAwMDAwMDAwMDAwLCJkZWxldGUiOjE4MDAwMDAwMDAwMDAsInJlYWQiOjMwMDAwMDAwMDAwMCwidXBkYXRlIjoxODAwMDAwMDAwMDAwfX0=",
          "dependencies": [
            "azurerm_resource_group.rg",
            "random_pet.rg_name",
            "random_pet.ssh_key_name"
          ]
        }
      ]
    },
    {
      "mode": "managed",
      "type": "azapi_resource_action",
      "name": "ssh_public_key_gen",
      "provider": "provider[\"registry.terraform.io/azure/azapi\"]",
      "instances": [
        {
          "schema_version": 0,
          "attributes": {
            "action": "generateKeyPair",
            "body": null,
            "id": "/subscriptions/b785820d-cbf8-433f-994e-72aff1bef5f2/resourceGroups/rg-talented-grub/providers/Microsoft.Compute/sshPublicKeys/sshtouchingmackerel/generateKeyPair",
            "locks": null,
            "method": "POST",
            "output": "{\"privateKey\":\"-----BEGIN RSA PRIVATE KEY-----\\r\\nMIIG4wIBAAKCAYEAyb8wS+WZ5x+YjRn642dALnGk4RPXJuT8h7ubEOTiJ1f/KX2r\\r\\noxXzKUn59PZ1mnheJ0SdcGZfXv15r2D2joEyouL/tTn6RGfqCltVoBFtoppJVyhM\\r\\nWoe1FVDSMdripd+ms0olUteArB9mrzn4ArDDkRn48xr5Vgnu3AJo5ejgIT9yEkTd\\r\\n2izJb7pPKPwNKGJYwha7nDXxMyb8Ees+8LTqWkY+K88LG0Ngf4iihYu89x037rbb\\r\\nVseoq5Ka3qY990GREv1KWfnWsptUP4oQBnp7wUzah5P/YHeAx8F5/F0GJ0+/q2BE\\r\\nRQL98feq3STvnMZ0ZAvaWOqcWzDvRxMUOCmAbxccK3EmyH60tun5+B6M4x8jcb5E\\r\\nhMnrIPG8gerpQ4nZbm0pfoQFjhW5ulfvbn1CXR7stwLiM2m06ZQVDfZtKb07X9hR\\r\\n0MjfvBWVLDFTbP8T9OFRw9SVO0PUMXpsTQAzxcC+D8SLj9WPtw4j0QMpqjsqS0rR\\r\\nLr1JcnonqAq5QsZZAgMBAAECggGAM5cfi5kINTFAOnz1Smeh4v6Osjv3neuapD8W\\r\\nVUiiiHsZNgv78zVuvBU9xSWtRzYWpaYHOLIFG25oSq/Z/PEO+NZhm39a/1kvYTyf\\r\\n9dHfHmCj9pTIibIAXZYQWk1l/hLmNxzz1G5lah6RjKefQ1jeeeGRZuFz90uM+Ffp\\r\\naTmW7wmhawiPTvZ7AIY9LfbeioAzwFY93aFxr6n9dbuZmcY506H4zg0hAvTE3Xgc\\r\\nT1g/l1WycunxxwxBlrZjwiHy4KK0ORrKAhsjqcIZeWEwjqKoABhsHh3X3uJOBlJT\\r\\nyszTFvNKZzGGyRsWqLOMySrVXNX7/GFW45o3glXuPoI969JN8n2gR8WTE6ZvPjpI\\r\\n7Wijdnrr5hbHdvkk+OiJw3m9W3HNpSNC/IvhKSWN7PEwC3RGLiRy7m9uMWVr9+Lg\\r\\nprPfykSiyZ47LrsIpqz5pvvHTXOW+uEFklutZftB3fVgD5nQQIphzZb7ZcvKyhjG\\r\\nnjZkQAL0kR3Fdx1eqFiBB/lWhcYtAoHBANW8XbYHFAhqgby57GzC/VJovN2noZFh\\r\\nkgsAHHHvHElJeybSb/hd/sYXehRFGF6vvO2V+T8QgO/a/tQjqz5k53tBoVr631j3\\r\\ngI4lg6zK2IWd7atOQLE/fkCqMKwSycd82CPXooLPoESBtNPcqgzI9X6Q0ema0U4R\\r\\nZRew/sVTCt4viB5YJeKHN6qBbmNqzVX829V7l80F2KgZyamEf0AEIoR0FSNgiXec\\r\\nXOTh1TwEeMiLaK7Pz2nfcQNetICvrpzg9wKBwQDxo+wfZs+ayA9r/yxDpuz4NdIS\\r\\nrrMv6eE5bXS9+WzbaBXzeDcHnfVaP6ORciPmQAI66X6XSq9WasAv9eVBUHpEctW6\\r\\nLW7fjMfoZ3p/6VQspfEJKlH6mxdwq3er76o2dCiE986grkZS5okdyrvVFvBe37hL\\r\\nEkzqXHYMp14Nyhl5qdJC0GaicQUGFQJx3gc5cOXjXXiIqxZuCPjmZ5MQWN4XqhQs\\r\\nF53BC0GrnAE+MzdEpw5G+qOZGut8m7I0A2YxDy8CgcANjCT8drJkXivfBIHh2vIn\\r\\nmQ/vlMJ+7opNPDKRXjCSzJ+LtGb4fSy67Z4FTuPejJETFiB4SNmDWoQwehpOmCK8\\r\\nA0rw81nYz8dMO0B/YVQcFAiOhSVAlt+vxZnULlSv2k/w5agdVn+4F+iYTTJSISK+\\r\\nZPuJLRD7O8sGl2dupnbX4ndkRP4Rv7RdkFqo3oopWx+sBmt2yVoUPZ40qntOWXS+\\r\\npIT6exH7jOOudkoHxdjKDVwTSITDFzCYoBYc2gXdV70CgcEAnKNpJfXsb+Zt8NEJ\\r\\n7ZTgmgmxcsDikRWoFST5/0gXo6a2TAxKh9qCOI12R4tY8CHgEDZaBFK6lGdAzBY3\\r\\nFX7Is2RJXZWkAK/uyp2BkDc9hG/RbuKLH8u3hybvvXnvubrUpVVKEWjHV2fvzGsm\\r\\nFXz4NlgJzEhBqc5kC9HWq1Ot7esCzKLxVS20Vvv5iLynrDmeHCP0RYu6T3vrdNgB\\r\\nQiCJX4e16dspPQFCAa9wMtTaZ9tu6t4AfPgxXKZE/2iQrw6rAoHAWJvfyZ3tyfzc\\r\\nOv+EjMPiO/1QL5+CiL6Dnebjm3LTDVv/LR9E+214VjIpKejEYWuyr8xZIzHKllus\\r\\nydL5g9ZtFkLvzXfDAJ2BMXN3lhAPReHPyhL4OaSHUxOJbmXXMlwSIA9basJ+oR/N\\r\\npaqEwU4xWhW0uDjutC8M7B50FskK8Z2nJYTNAF9bnGtC9C3KECcRksSueS91RjYC\\r\\nLIz0D6BXcsmTCPOIHf8JYiMY527VtuCyefGT/elWKeyv6voCyri+\\r\\n-----END RSA PRIVATE KEY-----\\r\\n\",\"publicKey\":\"ssh-rsa AAAAB3NzaC1yc2EAAAADAQABAAABgQDJvzBL5ZnnH5iNGfrjZ0AucaThE9cm5PyHu5sQ5OInV/8pfaujFfMpSfn09nWaeF4nRJ1wZl9e/XmvYPaOgTKi4v+1OfpEZ+oKW1WgEW2imklXKExah7UVUNIx2uKl36azSiVS14CsH2avOfgCsMORGfjzGvlWCe7cAmjl6OAhP3ISRN3aLMlvuk8o/A0oYljCFrucNfEzJvwR6z7wtOpaRj4rzwsbQ2B/iKKFi7z3HTfutttWx6irkprepj33QZES/UpZ+daym1Q/ihAGenvBTNqHk/9gd4DHwXn8XQYnT7+rYERFAv3x96rdJO+cxnRkC9pY6pxbMO9HExQ4KYBvFxwrcSbIfrS26fn4HozjHyNxvkSEyesg8byB6ulDidlubSl+hAWOFbm6V+9ufUJdHuy3AuIzabTplBUN9m0pvTtf2FHQyN+8FZUsMVNs/xP04VHD1JU7Q9QxemxNADPFwL4PxIuP1Y+3DiPRAymqOypLStEuvUlyeieoCrlCxlk= generated-by-azure\"}",
            "resource_id": "/subscriptions/b785820d-cbf8-433f-994e-72aff1bef5f2/resourceGroups/rg-talented-grub/providers/Microsoft.Compute/sshPublicKeys/sshtouchingmackerel",
            "response_export_values": [
              "publicKey",
              "privateKey"
            ],
            "timeouts": null,
            "type": "Microsoft.Compute/sshPublicKeys@2022-11-01"
          },
          "sensitive_attributes": [],
          "private": "eyJlMmJmYjczMC1lY2FhLTExZTYtOGY4OC0zNDM2M2JjN2M0YzAiOnsiY3JlYXRlIjoxODAwMDAwMDAwMDAwLCJkZWxldGUiOjE4MDAwMDAwMDAwMDAsInJlYWQiOjMwMDAwMDAwMDAwMCwidXBkYXRlIjoxODAwMDAwMDAwMDAwfX0=",
          "dependencies": [
            "azapi_resource.ssh_public_key",
            "azurerm_resource_group.rg",
            "random_pet.rg_name",
            "random_pet.ssh_key_name"
          ]
        }
      ]
    },
    {
      "mode": "managed",
      "type": "azurerm_linux_virtual_machine",
      "name": "my_terraform_vm",
      "provider": "provider[\"registry.terraform.io/hashicorp/azurerm\"]",
      "instances": [
        {
          "schema_version": 0,
          "attributes": {
            "additional_capabilities": [],
            "admin_password": null,
            "admin_ssh_key": [
              {
                "public_key": "ssh-rsa AAAAB3NzaC1yc2EAAAADAQABAAABgQDJvzBL5ZnnH5iNGfrjZ0AucaThE9cm5PyHu5sQ5OInV/8pfaujFfMpSfn09nWaeF4nRJ1wZl9e/XmvYPaOgTKi4v+1OfpEZ+oKW1WgEW2imklXKExah7UVUNIx2uKl36azSiVS14CsH2avOfgCsMORGfjzGvlWCe7cAmjl6OAhP3ISRN3aLMlvuk8o/A0oYljCFrucNfEzJvwR6z7wtOpaRj4rzwsbQ2B/iKKFi7z3HTfutttWx6irkprepj33QZES/UpZ+daym1Q/ihAGenvBTNqHk/9gd4DHwXn8XQYnT7+rYERFAv3x96rdJO+cxnRkC9pY6pxbMO9HExQ4KYBvFxwrcSbIfrS26fn4HozjHyNxvkSEyesg8byB6ulDidlubSl+hAWOFbm6V+9ufUJdHuy3AuIzabTplBUN9m0pvTtf2FHQyN+8FZUsMVNs/xP04VHD1JU7Q9QxemxNADPFwL4PxIuP1Y+3DiPRAymqOypLStEuvUlyeieoCrlCxlk= generated-by-azure",
                "username": "azureadmin"
              }
            ],
            "admin_username": "azureadmin",
            "allow_extension_operations": true,
            "availability_set_id": "",
            "boot_diagnostics": [
              {
                "storage_account_uri": "https://diagcbea36e04091c3ee.blob.core.windows.net/"
              }
            ],
            "computer_name": "hostname",
            "custom_data": null,
            "dedicated_host_group_id": "",
            "dedicated_host_id": "",
            "disable_password_authentication": true,
            "encryption_at_host_enabled": false,
            "eviction_policy": "",
            "extensions_time_budget": "PT1H30M",
            "id": "/subscriptions/b785820d-cbf8-433f-994e-72aff1bef5f2/resourceGroups/rg-talented-grub/providers/Microsoft.Compute/virtualMachines/TfVM",
            "identity": [],
            "license_type": "",
            "location": "eastus",
            "max_bid_price": -1,
            "name": "TfVM",
            "network_interface_ids": [
              "/subscriptions/b785820d-cbf8-433f-994e-72aff1bef5f2/resourceGroups/rg-talented-grub/providers/Microsoft.Network/networkInterfaces/myNIC"
            ],
            "os_disk": [
              {
                "caching": "ReadWrite",
                "diff_disk_settings": [],
                "disk_encryption_set_id": "",
                "disk_size_gb": 30,
                "name": "myOsDisk",
                "storage_account_type": "Premium_LRS",
                "write_accelerator_enabled": false
              }
            ],
            "patch_mode": "ImageDefault",
            "plan": [],
            "platform_fault_domain": -1,
            "priority": "Regular",
            "private_ip_address": "10.0.1.4",
            "private_ip_addresses": [
              "10.0.1.4"
            ],
            "provision_vm_agent": true,
            "proximity_placement_group_id": "",
            "public_ip_address": "74.235.29.113",
            "public_ip_addresses": [
              "74.235.29.113"
            ],
            "resource_group_name": "rg-talented-grub",
            "secret": [],
            "secure_boot_enabled": false,
            "size": "Standard_DS1_v2",
            "source_image_id": "",
            "source_image_reference": [
              {
                "offer": "0001-com-ubuntu-server-jammy",
                "publisher": "Canonical",
                "sku": "22_04-lts-gen2",
                "version": "latest"
              }
            ],
            "tags": null,
            "timeouts": null,
            "user_data": "",
            "virtual_machine_id": "aeeabc83-ac61-47dd-87de-bf3ac16fafd1",
            "virtual_machine_scale_set_id": "",
            "vtpm_enabled": false,
            "zone": ""
          },
          "sensitive_attributes": [],
          "private": "eyJlMmJmYjczMC1lY2FhLTExZTYtOGY4OC0zNDM2M2JjN2M0YzAiOnsiY3JlYXRlIjoyNzAwMDAwMDAwMDAwLCJkZWxldGUiOjI3MDAwMDAwMDAwMDAsInJlYWQiOjMwMDAwMDAwMDAwMCwidXBkYXRlIjoyNzAwMDAwMDAwMDAwfX0=",
          "dependencies": [
            "azapi_resource.ssh_public_key",
            "azapi_resource_action.ssh_public_key_gen",
            "azurerm_network_interface.my_terraform_nic",
            "azurerm_public_ip.my_terraform_public_ip",
            "azurerm_resource_group.rg",
            "azurerm_storage_account.my_storage_account",
            "azurerm_subnet.my_terraform_subnet",
            "azurerm_virtual_network.my_terraform_network",
            "random_id.random_id",
            "random_pet.rg_name",
            "random_pet.ssh_key_name"
          ]
        }
      ]
    },
    {
      "mode": "managed",
      "type": "azurerm_network_interface",
      "name": "my_terraform_nic",
      "provider": "provider[\"registry.terraform.io/hashicorp/azurerm\"]",
      "instances": [
        {
          "schema_version": 0,
          "attributes": {
            "applied_dns_servers": [],
            "dns_servers": [],
            "enable_accelerated_networking": false,
            "enable_ip_forwarding": false,
            "id": "/subscriptions/b785820d-cbf8-433f-994e-72aff1bef5f2/resourceGroups/rg-talented-grub/providers/Microsoft.Network/networkInterfaces/myNIC",
            "internal_dns_name_label": "",
            "internal_domain_name_suffix": "3p3zumf544xe3nwk4aeiqocdsb.bx.internal.cloudapp.net",
            "ip_configuration": [
              {
                "gateway_load_balancer_frontend_ip_configuration_id": "",
                "name": "my_nic_configuration",
                "primary": true,
                "private_ip_address": "10.0.1.4",
                "private_ip_address_allocation": "Dynamic",
                "private_ip_address_version": "IPv4",
                "public_ip_address_id": "/subscriptions/b785820d-cbf8-433f-994e-72aff1bef5f2/resourceGroups/rg-talented-grub/providers/Microsoft.Network/publicIPAddresses/myPublicIP",
                "subnet_id": "/subscriptions/b785820d-cbf8-433f-994e-72aff1bef5f2/resourceGroups/rg-talented-grub/providers/Microsoft.Network/virtualNetworks/myVnet/subnets/mySubnet"
              }
            ],
            "location": "eastus",
            "mac_address": "",
            "name": "myNIC",
            "private_ip_address": "10.0.1.4",
            "private_ip_addresses": [
              "10.0.1.4"
            ],
            "resource_group_name": "rg-talented-grub",
            "tags": null,
            "timeouts": null,
            "virtual_machine_id": ""
          },
          "sensitive_attributes": [],
          "private": "eyJlMmJmYjczMC1lY2FhLTExZTYtOGY4OC0zNDM2M2JjN2M0YzAiOnsiY3JlYXRlIjoxODAwMDAwMDAwMDAwLCJkZWxldGUiOjE4MDAwMDAwMDAwMDAsInJlYWQiOjMwMDAwMDAwMDAwMCwidXBkYXRlIjoxODAwMDAwMDAwMDAwfX0=",
          "dependencies": [
            "azurerm_public_ip.my_terraform_public_ip",
            "azurerm_resource_group.rg",
            "azurerm_subnet.my_terraform_subnet",
            "azurerm_virtual_network.my_terraform_network",
            "random_pet.rg_name"
          ]
        }
      ]
    },
    {
      "mode": "managed",
      "type": "azurerm_network_interface_security_group_association",
      "name": "example",
      "provider": "provider[\"registry.terraform.io/hashicorp/azurerm\"]",
      "instances": [
        {
          "schema_version": 0,
          "attributes": {
            "id": "/subscriptions/b785820d-cbf8-433f-994e-72aff1bef5f2/resourceGroups/rg-talented-grub/providers/Microsoft.Network/networkInterfaces/myNIC|/subscriptions/b785820d-cbf8-433f-994e-72aff1bef5f2/resourceGroups/rg-talented-grub/providers/Microsoft.Network/networkSecurityGroups/myNetworkSecurityGroup",
            "network_interface_id": "/subscriptions/b785820d-cbf8-433f-994e-72aff1bef5f2/resourceGroups/rg-talented-grub/providers/Microsoft.Network/networkInterfaces/myNIC",
            "network_security_group_id": "/subscriptions/b785820d-cbf8-433f-994e-72aff1bef5f2/resourceGroups/rg-talented-grub/providers/Microsoft.Network/networkSecurityGroups/myNetworkSecurityGroup",
            "timeouts": null
          },
          "sensitive_attributes": [],
          "private": "eyJlMmJmYjczMC1lY2FhLTExZTYtOGY4OC0zNDM2M2JjN2M0YzAiOnsiY3JlYXRlIjoxODAwMDAwMDAwMDAwLCJkZWxldGUiOjE4MDAwMDAwMDAwMDAsInJlYWQiOjMwMDAwMDAwMDAwMCwidXBkYXRlIjoxODAwMDAwMDAwMDAwfX0=",
          "dependencies": [
            "azurerm_network_interface.my_terraform_nic",
            "azurerm_network_security_group.my_terraform_nsg",
            "azurerm_public_ip.my_terraform_public_ip",
            "azurerm_resource_group.rg",
            "azurerm_subnet.my_terraform_subnet",
            "azurerm_virtual_network.my_terraform_network",
            "random_pet.rg_name"
          ]
        }
      ]
    },
    {
      "mode": "managed",
      "type": "azurerm_network_security_group",
      "name": "my_terraform_nsg",
      "provider": "provider[\"registry.terraform.io/hashicorp/azurerm\"]",
      "instances": [
        {
          "schema_version": 0,
          "attributes": {
            "id": "/subscriptions/b785820d-cbf8-433f-994e-72aff1bef5f2/resourceGroups/rg-talented-grub/providers/Microsoft.Network/networkSecurityGroups/myNetworkSecurityGroup",
            "location": "eastus",
            "name": "myNetworkSecurityGroup",
            "resource_group_name": "rg-talented-grub",
            "security_rule": [
              {
                "access": "Allow",
                "description": "",
                "destination_address_prefix": "*",
                "destination_address_prefixes": [],
                "destination_application_security_group_ids": [],
                "destination_port_range": "22",
                "destination_port_ranges": [],
                "direction": "Inbound",
                "name": "SSH",
                "priority": 1001,
                "protocol": "Tcp",
                "source_address_prefix": "*",
                "source_address_prefixes": [],
                "source_application_security_group_ids": [],
                "source_port_range": "*",
                "source_port_ranges": []
              }
            ],
            "tags": null,
            "timeouts": null
          },
          "sensitive_attributes": [],
          "private": "eyJlMmJmYjczMC1lY2FhLTExZTYtOGY4OC0zNDM2M2JjN2M0YzAiOnsiY3JlYXRlIjoxODAwMDAwMDAwMDAwLCJkZWxldGUiOjE4MDAwMDAwMDAwMDAsInJlYWQiOjMwMDAwMDAwMDAwMCwidXBkYXRlIjoxODAwMDAwMDAwMDAwfX0=",
          "dependencies": [
            "azurerm_resource_group.rg",
            "random_pet.rg_name"
          ]
        }
      ]
    },
    {
      "mode": "managed",
      "type": "azurerm_public_ip",
      "name": "my_terraform_public_ip",
      "provider": "provider[\"registry.terraform.io/hashicorp/azurerm\"]",
      "instances": [
        {
          "schema_version": 0,
          "attributes": {
            "allocation_method": "Dynamic",
            "availability_zone": "No-Zone",
            "domain_name_label": null,
            "fqdn": null,
            "id": "/subscriptions/b785820d-cbf8-433f-994e-72aff1bef5f2/resourceGroups/rg-talented-grub/providers/Microsoft.Network/publicIPAddresses/myPublicIP",
            "idle_timeout_in_minutes": 4,
            "ip_address": "",
            "ip_tags": null,
            "ip_version": "IPv4",
            "location": "eastus",
            "name": "myPublicIP",
            "public_ip_prefix_id": null,
            "resource_group_name": "rg-talented-grub",
            "reverse_fqdn": null,
            "sku": "Basic",
            "sku_tier": "Regional",
            "tags": null,
            "timeouts": null,
            "zones": []
          },
          "sensitive_attributes": [],
          "private": "eyJlMmJmYjczMC1lY2FhLTExZTYtOGY4OC0zNDM2M2JjN2M0YzAiOnsiY3JlYXRlIjoxODAwMDAwMDAwMDAwLCJkZWxldGUiOjE4MDAwMDAwMDAwMDAsInJlYWQiOjMwMDAwMDAwMDAwMCwidXBkYXRlIjoxODAwMDAwMDAwMDAwfX0=",
          "dependencies": [
            "azurerm_resource_group.rg",
            "random_pet.rg_name"
          ]
        }
      ]
    },
    {
      "mode": "managed",
      "type": "azurerm_resource_group",
      "name": "rg",
      "provider": "provider[\"registry.terraform.io/hashicorp/azurerm\"]",
      "instances": [
        {
          "schema_version": 0,
          "attributes": {
            "id": "/subscriptions/b785820d-cbf8-433f-994e-72aff1bef5f2/resourceGroups/rg-talented-grub",
            "location": "eastus",
            "name": "rg-talented-grub",
            "tags": null,
            "timeouts": null
          },
          "sensitive_attributes": [],
          "private": "eyJlMmJmYjczMC1lY2FhLTExZTYtOGY4OC0zNDM2M2JjN2M0YzAiOnsiY3JlYXRlIjo1NDAwMDAwMDAwMDAwLCJkZWxldGUiOjU0MDAwMDAwMDAwMDAsInJlYWQiOjMwMDAwMDAwMDAwMCwidXBkYXRlIjo1NDAwMDAwMDAwMDAwfX0=",
          "dependencies": [
            "random_pet.rg_name"
          ]
        }
      ]
    },
    {
      "mode": "managed",
      "type": "azurerm_storage_account",
      "name": "my_storage_account",
      "provider": "provider[\"registry.terraform.io/hashicorp/azurerm\"]",
      "instances": [
        {
          "schema_version": 2,
          "attributes": {
            "access_tier": "Hot",
            "account_kind": "StorageV2",
            "account_replication_type": "LRS",
            "account_tier": "Standard",
            "allow_blob_public_access": false,
            "azure_files_authentication": [],
            "blob_properties": [
              {
                "change_feed_enabled": false,
                "container_delete_retention_policy": [],
                "cors_rule": [],
                "default_service_version": "",
                "delete_retention_policy": [],
                "last_access_time_enabled": false,
                "versioning_enabled": false
              }
            ],
            "custom_domain": [],
            "customer_managed_key": [],
            "enable_https_traffic_only": true,
            "id": "/subscriptions/b785820d-cbf8-433f-994e-72aff1bef5f2/resourceGroups/rg-talented-grub/providers/Microsoft.Storage/storageAccounts/diagcbea36e04091c3ee",
            "identity": [],
            "infrastructure_encryption_enabled": false,
            "is_hns_enabled": false,
            "large_file_share_enabled": null,
            "location": "eastus",
            "min_tls_version": "TLS1_0",
            "name": "diagcbea36e04091c3ee",
            "network_rules": [
              {
                "bypass": [
                  "AzureServices"
                ],
                "default_action": "Allow",
                "ip_rules": [],
                "private_link_access": [],
                "virtual_network_subnet_ids": []
              }
            ],
            "nfsv3_enabled": false,
            "primary_access_key": "0dFegg/TvwoYJK615ANiN6NMdy6heFdclZHL37I/kBJF5qcNY+eEzAOL1ZN8cFcWHnr9eUd/7y1Z+AStSL2Y1Q==",
            "primary_blob_connection_string": "DefaultEndpointsProtocol=https;BlobEndpoint=https://diagcbea36e04091c3ee.blob.core.windows.net/;AccountName=diagcbea36e04091c3ee;AccountKey=0dFegg/TvwoYJK615ANiN6NMdy6heFdclZHL37I/kBJF5qcNY+eEzAOL1ZN8cFcWHnr9eUd/7y1Z+AStSL2Y1Q==",
            "primary_blob_endpoint": "https://diagcbea36e04091c3ee.blob.core.windows.net/",
            "primary_blob_host": "diagcbea36e04091c3ee.blob.core.windows.net",
            "primary_connection_string": "DefaultEndpointsProtocol=https;AccountName=diagcbea36e04091c3ee;AccountKey=0dFegg/TvwoYJK615ANiN6NMdy6heFdclZHL37I/kBJF5qcNY+eEzAOL1ZN8cFcWHnr9eUd/7y1Z+AStSL2Y1Q==;EndpointSuffix=core.windows.net",
            "primary_dfs_endpoint": "https://diagcbea36e04091c3ee.dfs.core.windows.net/",
            "primary_dfs_host": "diagcbea36e04091c3ee.dfs.core.windows.net",
            "primary_file_endpoint": "https://diagcbea36e04091c3ee.file.core.windows.net/",
            "primary_file_host": "diagcbea36e04091c3ee.file.core.windows.net",
            "primary_location": "eastus",
            "primary_queue_endpoint": "https://diagcbea36e04091c3ee.queue.core.windows.net/",
            "primary_queue_host": "diagcbea36e04091c3ee.queue.core.windows.net",
            "primary_table_endpoint": "https://diagcbea36e04091c3ee.table.core.windows.net/",
            "primary_table_host": "diagcbea36e04091c3ee.table.core.windows.net",
            "primary_web_endpoint": "https://diagcbea36e04091c3ee.z13.web.core.windows.net/",
            "primary_web_host": "diagcbea36e04091c3ee.z13.web.core.windows.net",
            "queue_encryption_key_type": "Service",
            "queue_properties": [
              {
                "cors_rule": [],
                "hour_metrics": [
                  {
                    "enabled": true,
                    "include_apis": true,
                    "retention_policy_days": 7,
                    "version": "1.0"
                  }
                ],
                "logging": [
                  {
                    "delete": false,
                    "read": false,
                    "retention_policy_days": 0,
                    "version": "1.0",
                    "write": false
                  }
                ],
                "minute_metrics": [
                  {
                    "enabled": false,
                    "include_apis": false,
                    "retention_policy_days": 0,
                    "version": "1.0"
                  }
                ]
              }
            ],
            "resource_group_name": "rg-talented-grub",
            "routing": [],
            "secondary_access_key": "O3n8C2hGTUpgJSFFUxRlcwg/5fPqPXIxW50Ho4IP/N/oS8u8EYe+Yc2jutiBuG89GMHxiovMcsK4+AStk38D7w==",
            "secondary_blob_connection_string": "",
            "secondary_blob_endpoint": null,
            "secondary_blob_host": null,
            "secondary_connection_string": "DefaultEndpointsProtocol=https;AccountName=diagcbea36e04091c3ee;AccountKey=O3n8C2hGTUpgJSFFUxRlcwg/5fPqPXIxW50Ho4IP/N/oS8u8EYe+Yc2jutiBuG89GMHxiovMcsK4+AStk38D7w==;EndpointSuffix=core.windows.net",
            "secondary_dfs_endpoint": null,
            "secondary_dfs_host": null,
            "secondary_file_endpoint": null,
            "secondary_file_host": null,
            "secondary_location": "",
            "secondary_queue_endpoint": null,
            "secondary_queue_host": null,
            "secondary_table_endpoint": null,
            "secondary_table_host": null,
            "secondary_web_endpoint": null,
            "secondary_web_host": null,
            "share_properties": [
              {
                "cors_rule": [],
                "retention_policy": [
                  {
                    "days": 7
                  }
                ],
                "smb": []
              }
            ],
            "shared_access_key_enabled": true,
            "static_website": [],
            "table_encryption_key_type": "Service",
            "tags": null,
            "timeouts": null
          },
          "sensitive_attributes": [],
          "private": "eyJlMmJmYjczMC1lY2FhLTExZTYtOGY4OC0zNDM2M2JjN2M0YzAiOnsiY3JlYXRlIjozNjAwMDAwMDAwMDAwLCJkZWxldGUiOjM2MDAwMDAwMDAwMDAsInJlYWQiOjMwMDAwMDAwMDAwMCwidXBkYXRlIjozNjAwMDAwMDAwMDAwfSwic2NoZW1hX3ZlcnNpb24iOiIyIn0=",
          "dependencies": [
            "azurerm_resource_group.rg",
            "random_id.random_id",
            "random_pet.rg_name"
          ]
        }
      ]
    },
    {
      "mode": "managed",
      "type": "azurerm_subnet",
      "name": "my_terraform_subnet",
      "provider": "provider[\"registry.terraform.io/hashicorp/azurerm\"]",
      "instances": [
        {
          "schema_version": 0,
          "attributes": {
            "address_prefix": "10.0.1.0/24",
            "address_prefixes": [
              "10.0.1.0/24"
            ],
            "delegation": [],
            "enforce_private_link_endpoint_network_policies": false,
            "enforce_private_link_service_network_policies": false,
            "id": "/subscriptions/b785820d-cbf8-433f-994e-72aff1bef5f2/resourceGroups/rg-talented-grub/providers/Microsoft.Network/virtualNetworks/myVnet/subnets/mySubnet",
            "name": "mySubnet",
            "resource_group_name": "rg-talented-grub",
            "service_endpoint_policy_ids": null,
            "service_endpoints": null,
            "timeouts": null,
            "virtual_network_name": "myVnet"
          },
          "sensitive_attributes": [],
          "private": "eyJlMmJmYjczMC1lY2FhLTExZTYtOGY4OC0zNDM2M2JjN2M0YzAiOnsiY3JlYXRlIjoxODAwMDAwMDAwMDAwLCJkZWxldGUiOjE4MDAwMDAwMDAwMDAsInJlYWQiOjMwMDAwMDAwMDAwMCwidXBkYXRlIjoxODAwMDAwMDAwMDAwfX0=",
          "dependencies": [
            "azurerm_resource_group.rg",
            "azurerm_virtual_network.my_terraform_network",
            "random_pet.rg_name"
          ]
        }
      ]
    },
    {
      "mode": "managed",
      "type": "azurerm_virtual_network",
      "name": "my_terraform_network",
      "provider": "provider[\"registry.terraform.io/hashicorp/azurerm\"]",
      "instances": [
        {
          "schema_version": 0,
          "attributes": {
            "address_space": [
              "10.0.0.0/16"
            ],
            "bgp_community": "",
            "ddos_protection_plan": [],
            "dns_servers": [],
            "flow_timeout_in_minutes": 0,
            "guid": "309afbeb-f7bf-4eae-b6ca-f00888384391",
            "id": "/subscriptions/b785820d-cbf8-433f-994e-72aff1bef5f2/resourceGroups/rg-talented-grub/providers/Microsoft.Network/virtualNetworks/myVnet",
            "location": "eastus",
            "name": "myVnet",
            "resource_group_name": "rg-talented-grub",
            "subnet": [],
            "tags": null,
            "timeouts": null,
            "vm_protection_enabled": false
          },
          "sensitive_attributes": [],
          "private": "eyJlMmJmYjczMC1lY2FhLTExZTYtOGY4OC0zNDM2M2JjN2M0YzAiOnsiY3JlYXRlIjoxODAwMDAwMDAwMDAwLCJkZWxldGUiOjE4MDAwMDAwMDAwMDAsInJlYWQiOjMwMDAwMDAwMDAwMCwidXBkYXRlIjoxODAwMDAwMDAwMDAwfX0=",
          "dependencies": [
            "azurerm_resource_group.rg",
            "random_pet.rg_name"
          ]
        }
      ]
    },
    {
      "mode": "managed",
      "type": "random_id",
      "name": "random_id",
      "provider": "provider[\"registry.terraform.io/hashicorp/random\"]",
      "instances": [
        {
          "schema_version": 0,
          "attributes": {
            "b64_std": "y+o24ECRw+4=",
            "b64_url": "y-o24ECRw-4",
            "byte_length": 8,
            "dec": "14693617071033533422",
            "hex": "cbea36e04091c3ee",
            "id": "y-o24ECRw-4",
            "keepers": {
              "resource_group": "rg-talented-grub"
            },
            "prefix": null
          },
          "sensitive_attributes": [],
          "dependencies": [
            "azurerm_resource_group.rg",
            "random_pet.rg_name"
          ]
        }
      ]
    },
    {
      "mode": "managed",
      "type": "random_pet",
      "name": "rg_name",
      "provider": "provider[\"registry.terraform.io/hashicorp/random\"]",
      "instances": [
        {
          "schema_version": 0,
          "attributes": {
            "id": "rg-talented-grub",
            "keepers": null,
            "length": 2,
            "prefix": "rg",
            "separator": "-"
          },
          "sensitive_attributes": []
        }
      ]
    },
    {
      "mode": "managed",
      "type": "random_pet",
      "name": "ssh_key_name",
      "provider": "provider[\"registry.terraform.io/hashicorp/random\"]",
      "instances": [
        {
          "schema_version": 0,
          "attributes": {
            "id": "sshtouchingmackerel",
            "keepers": null,
            "length": 2,
            "prefix": "ssh",
            "separator": ""
          },
          "sensitive_attributes": []
        }
      ]
    }
  ],
  "check_results": []
}
