{
  "version": 4,
  "terraform_version": "1.3.2",
  "serial": 10,
  "lineage": "5069a8f8-4d76-44d2-86cf-adfce995aae6",
  "outputs": {},
  "resources": [
    {
      "mode": "managed",
      "type": "azurerm_resource_group",
      "name": "rg",
      "provider": "provider[\"registry.terraform.io/hashicorp/azurerm\"]",
      "instances": [
        {
          "index_key": "a_group",
          "schema_version": 0,
          "attributes": {
            "id": "/subscriptions/b785820d-cbf8-433f-994e-72aff1bef5f2/resourceGroups/a_group",
            "location": "eastus",
            "name": "a_group",
            "tags": null,
            "timeouts": null
          },
          "sensitive_attributes": [],
          "private": "eyJlMmJmYjczMC1lY2FhLTExZTYtOGY4OC0zNDM2M2JjN2M0YzAiOnsiY3JlYXRlIjo1NDAwMDAwMDAwMDAwLCJkZWxldGUiOjU0MDAwMDAwMDAwMDAsInJlYWQiOjMwMDAwMDAwMDAwMCwidXBkYXRlIjo1NDAwMDAwMDAwMDAwfX0="
        },
        {
          "index_key": "b_group",
          "schema_version": 0,
          "attributes": {
            "id": "/subscriptions/b785820d-cbf8-433f-994e-72aff1bef5f2/resourceGroups/b_group",
            "location": "westus2",
            "name": "b_group",
            "tags": null,
            "timeouts": null
          },
          "sensitive_attributes": [],
          "private": "eyJlMmJmYjczMC1lY2FhLTExZTYtOGY4OC0zNDM2M2JjN2M0YzAiOnsiY3JlYXRlIjo1NDAwMDAwMDAwMDAwLCJkZWxldGUiOjU0MDAwMDAwMDAwMDAsInJlYWQiOjMwMDAwMDAwMDAwMCwidXBkYXRlIjo1NDAwMDAwMDAwMDAwfX0="
        }
      ]
    }
  ],
  "check_results": []
}
